{
  "name": "@ethafeng/utils-library",
  "version": "1.1.2",
  "lockfileVersion": 3,
  "requires": true,
  "packages": {
    "": {
      "name": "@ethafeng/utils-library",
      "version": "1.1.2",
      "license": "ISC",
      "dependencies": {
        "dayjs": "^1.11.12"
      }
    },
    "node_modules/dayjs": {
      "version": "1.11.12",
      "resolved": "https://registry.npmmirror.com/dayjs/-/dayjs-1.11.12.tgz",
      "integrity": "sha512-Rt2g+nTbLlDWZTwwrIXjy9MeiZmSDI375FvZs72ngxx8PDC6YXOeR3q5LAuPzjZQxhiWdRKac7RKV+YyQYfYIg=="
    }
  }
}
